
Microsoft Visual Studio Solution File, Format Version 12.00
# Visual Studio 15
VisualStudioVersion = 15.0.27703.2035
MinimumVisualStudioVersion = 10.0.40219.1
Project("{FAE04EC0-301F-11D3-BF4B-00C04F79EFBC}") = "TabliceiMetody", "TabliceiMetody\TabliceiMetody.csproj", "{E425DD98-42F2-4E21-97D5-F202FF457592}"
EndProject
Global
	GlobalSection(SolutionConfigurationPlatforms) = preSolution
		Debug|Any CPU = Debug|Any CPU
		Release|Any CPU = Release|Any CPU
	EndGlobalSection
	GlobalSection(ProjectConfigurationPlatforms) = postSolution
		{E425DD98-42F2-4E21-97D5-F202FF457592}.Debug|Any CPU.ActiveCfg = Debug|Any CPU
		{E425DD98-42F2-4E21-97D5-F202FF457592}.Debug|Any CPU.Build.0 = Debug|Any CPU
		{E425DD98-42F2-4E21-97D5-F202FF457592}.Release|Any CPU.ActiveCfg = Release|Any CPU
		{E425DD98-42F2-4E21-97D5-F202FF457592}.Release|Any CPU.Build.0 = Release|Any CPU
	EndGlobalSection
	GlobalSection(SolutionProperties) = preSolution
		HideSolutionNode = FALSE
	EndGlobalSection
	GlobalSection(ExtensibilityGlobals) = postSolution
		SolutionGuid = {0ED6AD10-0DDF-4B3E-A2CB-230A6783EA87}
	EndGlobalSection
EndGlobal
